PODS:
  - AFNetworking (3.2.1):
    - AFNetworking/NSURLSession (= 3.2.1)
    - AFNetworking/Reachability (= 3.2.1)
    - AFNetworking/Security (= 3.2.1)
    - AFNetworking/Serialization (= 3.2.1)
    - AFNetworking/UIKit (= 3.2.1)
  - AFNetworking/NSURLSession (3.2.1):
    - AFNetworking/Reachability
    - AFNetworking/Security
    - AFNetworking/Serialization
  - AFNetworking/Reachability (3.2.1)
  - AFNetworking/Security (3.2.1)
  - AFNetworking/Serialization (3.2.1)
  - AFNetworking/UIKit (3.2.1):
    - AFNetworking/NSURLSession
  - CYLTabBarController (1.28.5):
    - CYLTabBarController/Core (= 1.28.5)
  - CYLTabBarController/Core (1.28.5)
  - Masonry (1.1.0)
  - MBProgressHUD (1.2.0)
  - MJRefresh (3.3.1)
  - UICountingLabel (1.4.1)
  - YYModel (1.0.4)

DEPENDENCIES:
  - AFNetworking
  - CYLTabBarController (>= 1.24.0)
  - Masonry
  - MBProgressHUD
  - MJRefresh
  - UICountingLabel
  - YYModel

SPEC REPOS:
  trunk:
    - AFNetworking
    - CYLTabBarController
    - Masonry
    - MBProgressHUD
    - MJRefresh
    - UICountingLabel
    - YYModel

SPEC CHECKSUMS:
  AFNetworking: b6f891fdfaed196b46c7a83cf209e09697b94057
  CYLTabBarController: edd9fecba9afa3f2e9e44ed50ca6dde69941f25f
  Masonry: 678fab65091a9290e40e2832a55e7ab731aad201
  MBProgressHUD: 3ee5efcc380f6a79a7cc9b363dd669c5e1ae7406
  MJRefresh: eeda70fbf0ad277f3178cef1cd0c3532591d6237
  UICountingLabel: faf890b505d96312e324a86718f031fafffb0ccb
  YYModel: 2a7fdd96aaa4b86a824e26d0c517de8928c04b30

PODFILE CHECKSUM: 13aa53efe0b884e70182e25b61a4f2a8704432a1

COCOAPODS: 1.8.4
